// !$*UTF8*$!
{
	archiveVersion = 1;
	classes = {
	};
	objectVersion = 46;
	objects = {

/* Begin PBXBuildFile section */
		463C046A1F1AF1B2004F44B2 /* SecondViewController.swift in Sources */ = {isa = PBXBuildFile; fileRef = 463C04691F1AF1B2004F44B2 /* SecondViewController.swift */; };
		463C04701F1B04FF004F44B2 /* FourCardHomeViewController.swift in Sources */ = {isa = PBXBuildFile; fileRef = 463C046F1F1B04FF004F44B2 /* FourCardHomeViewController.swift */; };
		46866E3B1F2623B900A8C448 /* CardioExercises.swift in Sources */ = {isa = PBXBuildFile; fileRef = 46866E3A1F2623B900A8C448 /* CardioExercises.swift */; };
		46A37BB11F1BFE5000963B9F /* ExerciseLibrary.swift in Sources */ = {isa = PBXBuildFile; fileRef = 46A37BB01F1BFE5000963B9F /* ExerciseLibrary.swift */; };
		46A37BB51F1C002400963B9F /* ExerciseScreenViewController.swift in Sources */ = {isa = PBXBuildFile; fileRef = 46A37BB41F1C002400963B9F /* ExerciseScreenViewController.swift */; };
		46A37BB91F1C00A800963B9F /* ArmsExercises.swift in Sources */ = {isa = PBXBuildFile; fileRef = 46A37BB81F1C00A800963B9F /* ArmsExercises.swift */; };
		46CA0A671DFF80EB0018786C /* AppDelegate.swift in Sources */ = {isa = PBXBuildFile; fileRef = 46CA0A661DFF80EB0018786C /* AppDelegate.swift */; };
		46CA0A691DFF80EB0018786C /* ViewController.swift in Sources */ = {isa = PBXBuildFile; fileRef = 46CA0A681DFF80EB0018786C /* ViewController.swift */; };
		46CA0A6C1DFF80EB0018786C /* Main.storyboard in Resources */ = {isa = PBXBuildFile; fileRef = 46CA0A6A1DFF80EB0018786C /* Main.storyboard */; };
		46CA0A6E1DFF80EB0018786C /* Assets.xcassets in Resources */ = {isa = PBXBuildFile; fileRef = 46CA0A6D1DFF80EB0018786C /* Assets.xcassets */; };
		46CA0A711DFF80EB0018786C /* LaunchScreen.storyboard in Resources */ = {isa = PBXBuildFile; fileRef = 46CA0A6F1DFF80EB0018786C /* LaunchScreen.storyboard */; };
		46F0B06E1F1C086100A71F5A /* UI_Gradients.swift in Sources */ = {isa = PBXBuildFile; fileRef = 46F0B06D1F1C086100A71F5A /* UI_Gradients.swift */; };
		665560A61344C6DEC7C92EB3 /* Pods_Workout_Cards.framework in Frameworks */ = {isa = PBXBuildFile; fileRef = 806C996CE5F82935342C9F58 /* Pods_Workout_Cards.framework */; };
/* End PBXBuildFile section */

/* Begin PBXFileReference section */
		463C04691F1AF1B2004F44B2 /* SecondViewController.swift */ = {isa = PBXFileReference; fileEncoding = 4; lastKnownFileType = sourcecode.swift; path = SecondViewController.swift; sourceTree = "<group>"; };
		463C046F1F1B04FF004F44B2 /* FourCardHomeViewController.swift */ = {isa = PBXFileReference; fileEncoding = 4; lastKnownFileType = sourcecode.swift; path = FourCardHomeViewController.swift; sourceTree = "<group>"; };
		46866E3A1F2623B900A8C448 /* CardioExercises.swift */ = {isa = PBXFileReference; fileEncoding = 4; lastKnownFileType = sourcecode.swift; path = CardioExercises.swift; sourceTree = "<group>"; };
		46A37BB01F1BFE5000963B9F /* ExerciseLibrary.swift */ = {isa = PBXFileReference; fileEncoding = 4; lastKnownFileType = sourcecode.swift; path = ExerciseLibrary.swift; sourceTree = "<group>"; };
		46A37BB41F1C002400963B9F /* ExerciseScreenViewController.swift */ = {isa = PBXFileReference; fileEncoding = 4; lastKnownFileType = sourcecode.swift; name = ExerciseScreenViewController.swift; path = ../Pods/ExerciseScreenViewController.swift; sourceTree = "<group>"; };
		46A37BB81F1C00A800963B9F /* ArmsExercises.swift */ = {isa = PBXFileReference; fileEncoding = 4; lastKnownFileType = sourcecode.swift; path = ArmsExercises.swift; sourceTree = "<group>"; };
		46CA0A631DFF80EB0018786C /* Workout Cards.app */ = {isa = PBXFileReference; explicitFileType = wrapper.application; includeInIndex = 0; path = "Workout Cards.app"; sourceTree = BUILT_PRODUCTS_DIR; };
		46CA0A661DFF80EB0018786C /* AppDelegate.swift */ = {isa = PBXFileReference; lastKnownFileType = sourcecode.swift; path = AppDelegate.swift; sourceTree = "<group>"; };
		46CA0A681DFF80EB0018786C /* ViewController.swift */ = {isa = PBXFileReference; lastKnownFileType = sourcecode.swift; path = ViewController.swift; sourceTree = "<group>"; };
		46CA0A6B1DFF80EB0018786C /* Base */ = {isa = PBXFileReference; lastKnownFileType = file.storyboard; name = Base; path = Base.lproj/Main.storyboard; sourceTree = "<group>"; };
		46CA0A6D1DFF80EB0018786C /* Assets.xcassets */ = {isa = PBXFileReference; lastKnownFileType = folder.assetcatalog; path = Assets.xcassets; sourceTree = "<group>"; };
		46CA0A701DFF80EB0018786C /* Base */ = {isa = PBXFileReference; lastKnownFileType = file.storyboard; name = Base; path = Base.lproj/LaunchScreen.storyboard; sourceTree = "<group>"; };
		46CA0A721DFF80EB0018786C /* Info.plist */ = {isa = PBXFileReference; lastKnownFileType = text.plist.xml; path = Info.plist; sourceTree = "<group>"; };
		46F0B06D1F1C086100A71F5A /* UI_Gradients.swift */ = {isa = PBXFileReference; fileEncoding = 4; lastKnownFileType = sourcecode.swift; path = UI_Gradients.swift; sourceTree = "<group>"; };
		806C996CE5F82935342C9F58 /* Pods_Workout_Cards.framework */ = {isa = PBXFileReference; explicitFileType = wrapper.framework; includeInIndex = 0; path = Pods_Workout_Cards.framework; sourceTree = BUILT_PRODUCTS_DIR; };
		89798919B07E6F11FBCA3231 /* Pods-Workout Cards.release.xcconfig */ = {isa = PBXFileReference; includeInIndex = 1; lastKnownFileType = text.xcconfig; name = "Pods-Workout Cards.release.xcconfig"; path = "Pods/Target Support Files/Pods-Workout Cards/Pods-Workout Cards.release.xcconfig"; sourceTree = "<group>"; };
		A8FDF581792474C5B74117D7 /* Pods-Workout Cards.debug.xcconfig */ = {isa = PBXFileReference; includeInIndex = 1; lastKnownFileType = text.xcconfig; name = "Pods-Workout Cards.debug.xcconfig"; path = "Pods/Target Support Files/Pods-Workout Cards/Pods-Workout Cards.debug.xcconfig"; sourceTree = "<group>"; };
/* End PBXFileReference section */

/* Begin PBXFrameworksBuildPhase section */
		46CA0A601DFF80EB0018786C /* Frameworks */ = {
			isa = PBXFrameworksBuildPhase;
			buildActionMask = 2147483647;
			files = (
				665560A61344C6DEC7C92EB3 /* Pods_Workout_Cards.framework in Frameworks */,
			);
			runOnlyForDeploymentPostprocessing = 0;
		};
/* End PBXFrameworksBuildPhase section */

/* Begin PBXGroup section */
		46CA0A5A1DFF80EB0018786C = {
			isa = PBXGroup;
			children = (
				46CA0A651DFF80EB0018786C /* Workout Cards */,
				46CA0A641DFF80EB0018786C /* Products */,
				CC41FEAAD3791CE244AA8828 /* Pods */,
				5955F6C419B9276EC2494781 /* Frameworks */,
			);
			sourceTree = "<group>";
		};
		46CA0A641DFF80EB0018786C /* Products */ = {
			isa = PBXGroup;
			children = (
				46CA0A631DFF80EB0018786C /* Workout Cards.app */,
			);
			name = Products;
			sourceTree = "<group>";
		};
		46CA0A651DFF80EB0018786C /* Workout Cards */ = {
			isa = PBXGroup;
			children = (
				46CA0A661DFF80EB0018786C /* AppDelegate.swift */,
				46CA0A681DFF80EB0018786C /* ViewController.swift */,
				46CA0A6A1DFF80EB0018786C /* Main.storyboard */,
				46A37BB41F1C002400963B9F /* ExerciseScreenViewController.swift */,
				46A37BB81F1C00A800963B9F /* ArmsExercises.swift */,
				46866E3A1F2623B900A8C448 /* CardioExercises.swift */,
				46A37BB01F1BFE5000963B9F /* ExerciseLibrary.swift */,
				46F0B06C1F1C083000A71F5A /* Styles */,
				463C046F1F1B04FF004F44B2 /* FourCardHomeViewController.swift */,
				463C04691F1AF1B2004F44B2 /* SecondViewController.swift */,
				46CA0A6D1DFF80EB0018786C /* Assets.xcassets */,
				46CA0A6F1DFF80EB0018786C /* LaunchScreen.storyboard */,
				46CA0A721DFF80EB0018786C /* Info.plist */,
			);
			path = "Workout Cards";
			sourceTree = "<group>";
		};
		46F0B06C1F1C083000A71F5A /* Styles */ = {
			isa = PBXGroup;
			children = (
				46F0B06D1F1C086100A71F5A /* UI_Gradients.swift */,
			);
			name = Styles;
			sourceTree = "<group>";
		};
		5955F6C419B9276EC2494781 /* Frameworks */ = {
			isa = PBXGroup;
			children = (
				806C996CE5F82935342C9F58 /* Pods_Workout_Cards.framework */,
			);
			name = Frameworks;
			sourceTree = "<group>";
		};
		CC41FEAAD3791CE244AA8828 /* Pods */ = {
			isa = PBXGroup;
			children = (
				A8FDF581792474C5B74117D7 /* Pods-Workout Cards.debug.xcconfig */,
				89798919B07E6F11FBCA3231 /* Pods-Workout Cards.release.xcconfig */,
			);
			name = Pods;
			sourceTree = "<group>";
		};
/* End PBXGroup section */

/* Begin PBXNativeTarget section */
		46CA0A621DFF80EB0018786C /* Workout Cards */ = {
			isa = PBXNativeTarget;
			buildConfigurationList = 46CA0A751DFF80EB0018786C /* Build configuration list for PBXNativeTarget "Workout Cards" */;
			buildPhases = (
				D7E8C33A86AF4A1C42309DFE /* [CP] Check Pods Manifest.lock */,
				46CA0A5F1DFF80EB0018786C /* Sources */,
				46CA0A601DFF80EB0018786C /* Frameworks */,
				46CA0A611DFF80EB0018786C /* Resources */,
				19E449C6BF9A284155C4438A /* [CP] Embed Pods Frameworks */,
				4FE01400EACBF463F0BEACCA /* [CP] Copy Pods Resources */,
			);
			buildRules = (
			);
			dependencies = (
			);
			name = "Workout Cards";
			productName = "Workout Cards";
			productReference = 46CA0A631DFF80EB0018786C /* Workout Cards.app */;
			productType = "com.apple.product-type.application";
		};
/* End PBXNativeTarget section */

/* Begin PBXProject section */
		46CA0A5B1DFF80EB0018786C /* Project object */ = {
			isa = PBXProject;
			attributes = {
				LastSwiftUpdateCheck = 0810;
				LastUpgradeCheck = 0810;
				ORGANIZATIONNAME = Acray;
				TargetAttributes = {
					46CA0A621DFF80EB0018786C = {
						CreatedOnToolsVersion = 8.1;
						DevelopmentTeam = VKD47QBS6Q;
						ProvisioningStyle = Automatic;
					};
				};
			};
			buildConfigurationList = 46CA0A5E1DFF80EB0018786C /* Build configuration list for PBXProject "Workout Cards" */;
			compatibilityVersion = "Xcode 3.2";
			developmentRegion = English;
			hasScannedForEncodings = 0;
			knownRegions = (
				en,
				Base,
			);
			mainGroup = 46CA0A5A1DFF80EB0018786C;
			productRefGroup = 46CA0A641DFF80EB0018786C /* Products */;
			projectDirPath = "";
			projectRoot = "";
			targets = (
				46CA0A621DFF80EB0018786C /* Workout Cards */,
			);
		};
/* End PBXProject section */

/* Begin PBXResourcesBuildPhase section */
		46CA0A611DFF80EB0018786C /* Resources */ = {
			isa = PBXResourcesBuildPhase;
			buildActionMask = 2147483647;
			files = (
				46CA0A711DFF80EB0018786C /* LaunchScreen.storyboard in Resources */,
				46CA0A6E1DFF80EB0018786C /* Assets.xcassets in Resources */,
				46CA0A6C1DFF80EB0018786C /* Main.storyboard in Resources */,
			);
			runOnlyForDeploymentPostprocessing = 0;
		};
/* End PBXResourcesBuildPhase section */

/* Begin PBXShellScriptBuildPhase section */
		19E449C6BF9A284155C4438A /* [CP] Embed Pods Frameworks */ = {
			isa = PBXShellScriptBuildPhase;
			buildActionMask = 2147483647;
			files = (
			);
			inputPaths = (
			);
			name = "[CP] Embed Pods Frameworks";
			outputPaths = (
			);
			runOnlyForDeploymentPostprocessing = 0;
			shellPath = /bin/sh;
			shellScript = "\"${SRCROOT}/Pods/Target Support Files/Pods-Workout Cards/Pods-Workout Cards-frameworks.sh\"\n";
			showEnvVarsInLog = 0;
		};
		4FE01400EACBF463F0BEACCA /* [CP] Copy Pods Resources */ = {
			isa = PBXShellScriptBuildPhase;
			buildActionMask = 2147483647;
			files = (
			);
			inputPaths = (
			);
			name = "[CP] Copy Pods Resources";
			outputPaths = (
			);
			runOnlyForDeploymentPostprocessing = 0;
			shellPath = /bin/sh;
			shellScript = "\"${SRCROOT}/Pods/Target Support Files/Pods-Workout Cards/Pods-Workout Cards-resources.sh\"\n";
			showEnvVarsInLog = 0;
		};
		D7E8C33A86AF4A1C42309DFE /* [CP] Check Pods Manifest.lock */ = {
			isa = PBXShellScriptBuildPhase;
			buildActionMask = 2147483647;
			files = (
			);
			inputPaths = (
			);
			name = "[CP] Check Pods Manifest.lock";
			outputPaths = (
			);
			runOnlyForDeploymentPostprocessing = 0;
			shellPath = /bin/sh;
			shellScript = "diff \"${PODS_PODFILE_DIR_PATH}/Podfile.lock\" \"${PODS_ROOT}/Manifest.lock\" > /dev/null\nif [ $? != 0 ] ; then\n    # print error to STDERR\n    echo \"error: The sandbox is not in sync with the Podfile.lock. Run 'pod install' or update your CocoaPods installation.\" >&2\n    exit 1\nfi\n";
			showEnvVarsInLog = 0;
		};
/* End PBXShellScriptBuildPhase section */

/* Begin PBXSourcesBuildPhase section */
		46CA0A5F1DFF80EB0018786C /* Sources */ = {
			isa = PBXSourcesBuildPhase;
			buildActionMask = 2147483647;
			files = (
				46A37BB51F1C002400963B9F /* ExerciseScreenViewController.swift in Sources */,
				463C04701F1B04FF004F44B2 /* FourCardHomeViewController.swift in Sources */,
				46866E3B1F2623B900A8C448 /* CardioExercises.swift in Sources */,
				463C046A1F1AF1B2004F44B2 /* SecondViewController.swift in Sources */,
				46A37BB91F1C00A800963B9F /* ArmsExercises.swift in Sources */,
				46F0B06E1F1C086100A71F5A /* UI_Gradients.swift in Sources */,
				46CA0A691DFF80EB0018786C /* ViewController.swift in Sources */,
				46CA0A671DFF80EB0018786C /* AppDelegate.swift in Sources */,
				46A37BB11F1BFE5000963B9F /* ExerciseLibrary.swift in Sources */,
			);
			runOnlyForDeploymentPostprocessing = 0;
		};
/* End PBXSourcesBuildPhase section */

/* Begin PBXVariantGroup section */
		46CA0A6A1DFF80EB0018786C /* Main.storyboard */ = {
			isa = PBXVariantGroup;
			children = (
				46CA0A6B1DFF80EB0018786C /* Base */,
			);
			name = Main.storyboard;
			sourceTree = "<group>";
		};
		46CA0A6F1DFF80EB0018786C /* LaunchScreen.storyboard */ = {
			isa = PBXVariantGroup;
			children = (
				46CA0A701DFF80EB0018786C /* Base */,
			);
			name = LaunchScreen.storyboard;
			sourceTree = "<group>";
		};
/* End PBXVariantGroup section */

/* Begin XCBuildConfiguration section */
		46CA0A731DFF80EB0018786C /* Debug */ = {
			isa = XCBuildConfiguration;
			buildSettings = {
				ALWAYS_SEARCH_USER_PATHS = NO;
				CLANG_ANALYZER_NONNULL = YES;
				CLANG_CXX_LANGUAGE_STANDARD = "gnu++0x";
				CLANG_CXX_LIBRARY = "libc++";
				CLANG_ENABLE_MODULES = YES;
				CLANG_ENABLE_OBJC_ARC = YES;
				CLANG_WARN_BOOL_CONVERSION = YES;
				CLANG_WARN_CONSTANT_CONVERSION = YES;
				CLANG_WARN_DIRECT_OBJC_ISA_USAGE = YES_ERROR;
				CLANG_WARN_DOCUMENTATION_COMMENTS = YES;
				CLANG_WARN_EMPTY_BODY = YES;
				CLANG_WARN_ENUM_CONVERSION = YES;
				CLANG_WARN_INFINITE_RECURSION = YES;
				CLANG_WARN_INT_CONVERSION = YES;
				CLANG_WARN_OBJC_ROOT_CLASS = YES_ERROR;
				CLANG_WARN_SUSPICIOUS_MOVES = YES;
				CLANG_WARN_UNREACHABLE_CODE = YES;
				CLANG_WARN__DUPLICATE_METHOD_MATCH = YES;
				"CODE_SIGN_IDENTITY[sdk=iphoneos*]" = "iPhone Developer";
				COPY_PHASE_STRIP = NO;
				DEBUG_INFORMATION_FORMAT = dwarf;
				ENABLE_STRICT_OBJC_MSGSEND = YES;
				ENABLE_TESTABILITY = YES;
				GCC_C_LANGUAGE_STANDARD = gnu99;
				GCC_DYNAMIC_NO_PIC = NO;
				GCC_NO_COMMON_BLOCKS = YES;
				GCC_OPTIMIZATION_LEVEL = 0;
				GCC_PREPROCESSOR_DEFINITIONS = (
					"DEBUG=1",
					"$(inherited)",
				);
				GCC_WARN_64_TO_32_BIT_CONVERSION = YES;
				GCC_WARN_ABOUT_RETURN_TYPE = YES_ERROR;
				GCC_WARN_UNDECLARED_SELECTOR = YES;
				GCC_WARN_UNINITIALIZED_AUTOS = YES_AGGRESSIVE;
				GCC_WARN_UNUSED_FUNCTION = YES;
				GCC_WARN_UNUSED_VARIABLE = YES;
				IPHONEOS_DEPLOYMENT_TARGET = 10.1;
				MTL_ENABLE_DEBUG_INFO = YES;
				ONLY_ACTIVE_ARCH = YES;
				SDKROOT = iphoneos;
				SWIFT_ACTIVE_COMPILATION_CONDITIONS = DEBUG;
				SWIFT_OPTIMIZATION_LEVEL = "-Onone";
				TARGETED_DEVICE_FAMILY = "1,2";
			};
			name = Debug;
		};
		46CA0A741DFF80EB0018786C /* Release */ = {
			isa = XCBuildConfiguration;
			buildSettings = {
				ALWAYS_SEARCH_USER_PATHS = NO;
				CLANG_ANALYZER_NONNULL = YES;
				CLANG_CXX_LANGUAGE_STANDARD = "gnu++0x";
				CLANG_CXX_LIBRARY = "libc++";
				CLANG_ENABLE_MODULES = YES;
				CLANG_ENABLE_OBJC_ARC = YES;
				CLANG_WARN_BOOL_CONVERSION = YES;
				CLANG_WARN_CONSTANT_CONVERSION = YES;
				CLANG_WARN_DIRECT_OBJC_ISA_USAGE = YES_ERROR;
				CLANG_WARN_DOCUMENTATION_COMMENTS = YES;
				CLANG_WARN_EMPTY_BODY = YES;
				CLANG_WARN_ENUM_CONVERSION = YES;
				CLANG_WARN_INFINITE_RECURSION = YES;
				CLANG_WARN_INT_CONVERSION = YES;
				CLANG_WARN_OBJC_ROOT_CLASS = YES_ERROR;
				CLANG_WARN_SUSPICIOUS_MOVES = YES;
				CLANG_WARN_UNREACHABLE_CODE = YES;
				CLANG_WARN__DUPLICATE_METHOD_MATCH = YES;
				"CODE_SIGN_IDENTITY[sdk=iphoneos*]" = "iPhone Developer";
				COPY_PHASE_STRIP = NO;
				DEBUG_INFORMATION_FORMAT = "dwarf-with-dsym";
				ENABLE_NS_ASSERTIONS = NO;
				ENABLE_STRICT_OBJC_MSGSEND = YES;
				GCC_C_LANGUAGE_STANDARD = gnu99;
				GCC_NO_COMMON_BLOCKS = YES;
				GCC_WARN_64_TO_32_BIT_CONVERSION = YES;
				GCC_WARN_ABOUT_RETURN_TYPE = YES_ERROR;
				GCC_WARN_UNDECLARED_SELECTOR = YES;
				GCC_WARN_UNINITIALIZED_AUTOS = YES_AGGRESSIVE;
				GCC_WARN_UNUSED_FUNCTION = YES;
				GCC_WARN_UNUSED_VARIABLE = YES;
				IPHONEOS_DEPLOYMENT_TARGET = 10.1;
				MTL_ENABLE_DEBUG_INFO = NO;
				SDKROOT = iphoneos;
				SWIFT_OPTIMIZATION_LEVEL = "-Owholemodule";
				TARGETED_DEVICE_FAMILY = "1,2";
				VALIDATE_PRODUCT = YES;
			};
			name = Release;
		};
		46CA0A761DFF80EB0018786C /* Debug */ = {
			isa = XCBuildConfiguration;
			baseConfigurationReference = A8FDF581792474C5B74117D7 /* Pods-Workout Cards.debug.xcconfig */;
			buildSettings = {
				ASSETCATALOG_COMPILER_APPICON_NAME = AppIcon;
				DEVELOPMENT_TEAM = VKD47QBS6Q;
				INFOPLIST_FILE = "Workout Cards/Info.plist";
				LD_RUNPATH_SEARCH_PATHS = "$(inherited) @executable_path/Frameworks";
				PRODUCT_BUNDLE_IDENTIFIER = "Acray.Workout-Cards";
				PRODUCT_NAME = "$(TARGET_NAME)";
				SWIFT_VERSION = 3.0;
			};
			name = Debug;
		};
		46CA0A771DFF80EB0018786C /* Release */ = {
			isa = XCBuildConfiguration;
			baseConfigurationReference = 89798919B07E6F11FBCA3231 /* Pods-Workout Cards.release.xcconfig */;
			buildSettings = {
				ASSETCATALOG_COMPILER_APPICON_NAME = AppIcon;
				DEVELOPMENT_TEAM = VKD47QBS6Q;
				INFOPLIST_FILE = "Workout Cards/Info.plist";
				LD_RUNPATH_SEARCH_PATHS = "$(inherited) @executable_path/Frameworks";
				PRODUCT_BUNDLE_IDENTIFIER = "Acray.Workout-Cards";
				PRODUCT_NAME = "$(TARGET_NAME)";
				SWIFT_VERSION = 3.0;
			};
			name = Release;
		};
/* End XCBuildConfiguration section */

/* Begin XCConfigurationList section */
		46CA0A5E1DFF80EB0018786C /* Build configuration list for PBXProject "Workout Cards" */ = {
			isa = XCConfigurationList;
			buildConfigurations = (
				46CA0A731DFF80EB0018786C /* Debug */,
				46CA0A741DFF80EB0018786C /* Release */,
			);
			defaultConfigurationIsVisible = 0;
			defaultConfigurationName = Release;
		};
		46CA0A751DFF80EB0018786C /* Build configuration list for PBXNativeTarget "Workout Cards" */ = {
			isa = XCConfigurationList;
			buildConfigurations = (
				46CA0A761DFF80EB0018786C /* Debug */,
				46CA0A771DFF80EB0018786C /* Release */,
			);
			defaultConfigurationIsVisible = 0;
			defaultConfigurationName = Release;
		};
/* End XCConfigurationList section */
	};
	rootObject = 46CA0A5B1DFF80EB0018786C /* Project object */;
}
